Microsoft Visual Studio Solution File, Format Version 12.00
# Visual Studio Version 17
VisualStudioVersion = 17.13.35825.156
MinimumVisualStudioVersion = 10.0.40219.1
Project("{FAE04EC0-301F-11D3-BF4B-00C04F79EFBC}") = "CalculatorApp", "CalculatorApp\CalculatorApp.csproj", "{7C492533-8B32-49F7-9201-8C97E88E4CEF}"
EndProject
Global
	GlobalSection(SolutionConfigurationPlatforms) = preSolution
		Debug|Any CPU = Debug|Any CPU
		Release|Any CPU = Release|Any CPU
	EndGlobalSection
	GlobalSection(ProjectConfigurationPlatforms) = postSolution
		{7C492533-8B32-49F7-9201-8C97E88E4CEF}.Debug|Any CPU.ActiveCfg = Debug|Any CPU
		{7C492533-8B32-49F7-9201-8C97E88E4CEF}.Debug|Any CPU.Build.0 = Debug|Any CPU
		{7C492533-8B32-49F7-9201-8C97E88E4CEF}.Debug|Any CPU.Deploy.0 = Debug|Any CPU
		{7C492533-8B32-49F7-9201-8C97E88E4CEF}.Release|Any CPU.ActiveCfg = Release|Any CPU
		{7C492533-8B32-49F7-9201-8C97E88E4CEF}.Release|Any CPU.Build.0 = Release|Any CPU
		{7C492533-8B32-49F7-9201-8C97E88E4CEF}.Release|Any CPU.Deploy.0 = Release|Any CPU
	EndGlobalSection
	GlobalSection(SolutionProperties) = preSolution
		HideSolutionNode = FALSE
	EndGlobalSection
	GlobalSection(ExtensibilityGlobals) = postSolution
		SolutionGuid = {4E3A2B45-B4D1-4C3B-8014-22CED59F8753}
	EndGlobalSection
EndGlobal
